
Microsoft Visual Studio Solution File, Format Version 12.00
# Visual Studio Version 16
VisualStudioVersion = 16.0.30002.166
MinimumVisualStudioVersion = 10.0.40219.1
Project("{9A19103F-16F7-4668-BE54-9A1E7A4F7556}") = "Pipeline", "Pipeline\Pipeline.csproj", "{96927F16-9E1C-495A-AF44-E7F4E2ACA409}"
EndProject
Project("{9A19103F-16F7-4668-BE54-9A1E7A4F7556}") = "Pipeline.Core", "Pipeline.Core\Pipeline.Core.csproj", "{E1DBB45A-D19A-4489-A6F2-AF7DAEACF59A}"
EndProject
Global
	GlobalSection(SolutionConfigurationPlatforms) = preSolution
		Debug|Any CPU = Debug|Any CPU
		Release|Any CPU = Release|Any CPU
	EndGlobalSection
	GlobalSection(ProjectConfigurationPlatforms) = postSolution
		{96927F16-9E1C-495A-AF44-E7F4E2ACA409}.Debug|Any CPU.ActiveCfg = Debug|Any CPU
		{96927F16-9E1C-495A-AF44-E7F4E2ACA409}.Debug|Any CPU.Build.0 = Debug|Any CPU
		{96927F16-9E1C-495A-AF44-E7F4E2ACA409}.Release|Any CPU.ActiveCfg = Release|Any CPU
		{96927F16-9E1C-495A-AF44-E7F4E2ACA409}.Release|Any CPU.Build.0 = Release|Any CPU
		{E1DBB45A-D19A-4489-A6F2-AF7DAEACF59A}.Debug|Any CPU.ActiveCfg = Debug|Any CPU
		{E1DBB45A-D19A-4489-A6F2-AF7DAEACF59A}.Debug|Any CPU.Build.0 = Debug|Any CPU
		{E1DBB45A-D19A-4489-A6F2-AF7DAEACF59A}.Release|Any CPU.ActiveCfg = Release|Any CPU
		{E1DBB45A-D19A-4489-A6F2-AF7DAEACF59A}.Release|Any CPU.Build.0 = Release|Any CPU
	EndGlobalSection
	GlobalSection(SolutionProperties) = preSolution
		HideSolutionNode = FALSE
	EndGlobalSection
	GlobalSection(ExtensibilityGlobals) = postSolution
		SolutionGuid = {B4E4A5E4-91FB-4ADA-9AB3-D7CA3C8A1880}
	EndGlobalSection
EndGlobal
