
Microsoft Visual Studio Solution File, Format Version 12.00
# Visual Studio Version 16
VisualStudioVersion = 16.0.30002.166
MinimumVisualStudioVersion = 10.0.40219.1
Project("{FAE04EC0-301F-11D3-BF4B-00C04F79EFBC}") = "HttpClients", "HttpClients\HttpClients.csproj", "{391B514A-1E3A-4F82-85B2-9C03BD904477}"
EndProject
Global
	GlobalSection(SolutionConfigurationPlatforms) = preSolution
		Debug|Any CPU = Debug|Any CPU
		Release|Any CPU = Release|Any CPU
	EndGlobalSection
	GlobalSection(ProjectConfigurationPlatforms) = postSolution
		{391B514A-1E3A-4F82-85B2-9C03BD904477}.Debug|Any CPU.ActiveCfg = Debug|Any CPU
		{391B514A-1E3A-4F82-85B2-9C03BD904477}.Debug|Any CPU.Build.0 = Debug|Any CPU
		{391B514A-1E3A-4F82-85B2-9C03BD904477}.Release|Any CPU.ActiveCfg = Release|Any CPU
		{391B514A-1E3A-4F82-85B2-9C03BD904477}.Release|Any CPU.Build.0 = Release|Any CPU
	EndGlobalSection
	GlobalSection(SolutionProperties) = preSolution
		HideSolutionNode = FALSE
	EndGlobalSection
	GlobalSection(ExtensibilityGlobals) = postSolution
		SolutionGuid = {C5AFB55D-8948-4099-B37E-6C5CD1246D57}
	EndGlobalSection
EndGlobal
