
Microsoft Visual Studio Solution File, Format Version 12.00
# Visual Studio Version 16
VisualStudioVersion = 16.0.30105.148
MinimumVisualStudioVersion = 10.0.40219.1
Project("{9A19103F-16F7-4668-BE54-9A1E7A4F7556}") = "AbcClient.UI", "AbcClient.UI\AbcClient.UI.csproj", "{3F718907-BE63-4B01-9D32-428A254B0072}"
EndProject
Project("{9A19103F-16F7-4668-BE54-9A1E7A4F7556}") = "AbcClient.Model", "AbcClient.Model\AbcClient.Model.csproj", "{870AAE3F-955C-453D-9BD0-A2FA0EB3D180}"
EndProject
Project("{9A19103F-16F7-4668-BE54-9A1E7A4F7556}") = "AbcClient.Internet", "AbcClient.Internet\AbcClient.Internet.csproj", "{E7FF8CC9-1786-4588-AA58-F0FC11FD245A}"
EndProject
Project("{9A19103F-16F7-4668-BE54-9A1E7A4F7556}") = "AbcClient.Core", "AbcClient.Core\AbcClient.Core.csproj", "{C276F7BD-15C6-4854-8F77-1CBAAD5AE666}"
EndProject
Project("{9A19103F-16F7-4668-BE54-9A1E7A4F7556}") = "AbcClient.UI.Infrastructure", "AbcClient.UI.Infrastructure\AbcClient.UI.Infrastructure.csproj", "{3E5A936B-7B55-47B1-8D61-B66CB8C98B57}"
EndProject
Global
	GlobalSection(SolutionConfigurationPlatforms) = preSolution
		Debug|Any CPU = Debug|Any CPU
		Release|Any CPU = Release|Any CPU
	EndGlobalSection
	GlobalSection(ProjectConfigurationPlatforms) = postSolution
		{3F718907-BE63-4B01-9D32-428A254B0072}.Debug|Any CPU.ActiveCfg = Debug|Any CPU
		{3F718907-BE63-4B01-9D32-428A254B0072}.Debug|Any CPU.Build.0 = Debug|Any CPU
		{3F718907-BE63-4B01-9D32-428A254B0072}.Release|Any CPU.ActiveCfg = Release|Any CPU
		{3F718907-BE63-4B01-9D32-428A254B0072}.Release|Any CPU.Build.0 = Release|Any CPU
		{870AAE3F-955C-453D-9BD0-A2FA0EB3D180}.Debug|Any CPU.ActiveCfg = Debug|Any CPU
		{870AAE3F-955C-453D-9BD0-A2FA0EB3D180}.Debug|Any CPU.Build.0 = Debug|Any CPU
		{870AAE3F-955C-453D-9BD0-A2FA0EB3D180}.Release|Any CPU.ActiveCfg = Release|Any CPU
		{870AAE3F-955C-453D-9BD0-A2FA0EB3D180}.Release|Any CPU.Build.0 = Release|Any CPU
		{E7FF8CC9-1786-4588-AA58-F0FC11FD245A}.Debug|Any CPU.ActiveCfg = Debug|Any CPU
		{E7FF8CC9-1786-4588-AA58-F0FC11FD245A}.Debug|Any CPU.Build.0 = Debug|Any CPU
		{E7FF8CC9-1786-4588-AA58-F0FC11FD245A}.Release|Any CPU.ActiveCfg = Release|Any CPU
		{E7FF8CC9-1786-4588-AA58-F0FC11FD245A}.Release|Any CPU.Build.0 = Release|Any CPU
		{C276F7BD-15C6-4854-8F77-1CBAAD5AE666}.Debug|Any CPU.ActiveCfg = Debug|Any CPU
		{C276F7BD-15C6-4854-8F77-1CBAAD5AE666}.Debug|Any CPU.Build.0 = Debug|Any CPU
		{C276F7BD-15C6-4854-8F77-1CBAAD5AE666}.Release|Any CPU.ActiveCfg = Release|Any CPU
		{C276F7BD-15C6-4854-8F77-1CBAAD5AE666}.Release|Any CPU.Build.0 = Release|Any CPU
		{3E5A936B-7B55-47B1-8D61-B66CB8C98B57}.Debug|Any CPU.ActiveCfg = Debug|Any CPU
		{3E5A936B-7B55-47B1-8D61-B66CB8C98B57}.Debug|Any CPU.Build.0 = Debug|Any CPU
		{3E5A936B-7B55-47B1-8D61-B66CB8C98B57}.Release|Any CPU.ActiveCfg = Release|Any CPU
		{3E5A936B-7B55-47B1-8D61-B66CB8C98B57}.Release|Any CPU.Build.0 = Release|Any CPU
	EndGlobalSection
	GlobalSection(SolutionProperties) = preSolution
		HideSolutionNode = FALSE
	EndGlobalSection
	GlobalSection(ExtensibilityGlobals) = postSolution
		SolutionGuid = {79BD4AFA-E85B-477B-9590-9E6EBF58D1B1}
	EndGlobalSection
EndGlobal
